// !$*UTF8*$!
{
	archiveVersion = 1;
	classes = {
	};
	objectVersion = 46;
	objects = {

/* Begin PBXBuildFile section */
		EF1027DF15037AD3003BC6C0 /* NSColor+OEAdditions.m in Sources */ = {isa = PBXBuildFile; fileRef = EF37DA3C14FC3BB00098A077 /* NSColor+OEAdditions.m */; settings = {COMPILER_FLAGS = "-fno-objc-arc"; }; };
		EF1027E21503B708003BC6C0 /* gloss_button.png in Resources */ = {isa = PBXBuildFile; fileRef = EF1027E11503B708003BC6C0 /* gloss_button.png */; };
		EF1027E51503FC78003BC6C0 /* OEGradientView.m in Sources */ = {isa = PBXBuildFile; fileRef = EF1027E41503FC78003BC6C0 /* OEGradientView.m */; };
		EF1027E7150403A8003BC6C0 /* open_weblink_arrow.png in Resources */ = {isa = PBXBuildFile; fileRef = EF1027E6150403A8003BC6C0 /* open_weblink_arrow.png */; };
		EF37DA3E14FC3E860098A077 /* QuartzCore.framework in Frameworks */ = {isa = PBXBuildFile; fileRef = EF37DA3D14FC3E850098A077 /* QuartzCore.framework */; };
		EF37DA4114FC3F110098A077 /* OEThemeImage.m in Sources */ = {isa = PBXBuildFile; fileRef = EF37DA4014FC3F110098A077 /* OEThemeImage.m */; };
		EF910A27150240580071A0A8 /* OEThemeGradient.m in Sources */ = {isa = PBXBuildFile; fileRef = EF910A26150240580071A0A8 /* OEThemeGradient.m */; };
		EF910A6215025CA00071A0A8 /* OEThemeButton.m in Sources */ = {isa = PBXBuildFile; fileRef = EF910A6115025CA00071A0A8 /* OEThemeButton.m */; };
		EF910A68150266C90071A0A8 /* toolbar_view_buttons.png in Resources */ = {isa = PBXBuildFile; fileRef = EF910A67150266C90071A0A8 /* toolbar_view_buttons.png */; };
		EF910A6A150268610071A0A8 /* NSImage+OEDrawingAdditions.m in Sources */ = {isa = PBXBuildFile; fileRef = EF37DA4314FC41A50098A077 /* NSImage+OEDrawingAdditions.m */; };
		EFD9BE2014FA3DB500397397 /* Cocoa.framework in Frameworks */ = {isa = PBXBuildFile; fileRef = EFD9BE1F14FA3DB500397397 /* Cocoa.framework */; };
		EFD9BE2A14FA3DB500397397 /* InfoPlist.strings in Resources */ = {isa = PBXBuildFile; fileRef = EFD9BE2814FA3DB500397397 /* InfoPlist.strings */; };
		EFD9BE2C14FA3DB500397397 /* main.m in Sources */ = {isa = PBXBuildFile; fileRef = EFD9BE2B14FA3DB500397397 /* main.m */; };
		EFD9BE3014FA3DB500397397 /* Credits.rtf in Resources */ = {isa = PBXBuildFile; fileRef = EFD9BE2E14FA3DB500397397 /* Credits.rtf */; };
		EFD9BE3314FA3DB500397397 /* OEAppDelegate.m in Sources */ = {isa = PBXBuildFile; fileRef = EFD9BE3214FA3DB500397397 /* OEAppDelegate.m */; };
		EFD9BE3614FA3DB500397397 /* MainMenu.xib in Resources */ = {isa = PBXBuildFile; fileRef = EFD9BE3414FA3DB500397397 /* MainMenu.xib */; };
		EFD9BE3E14FA3DCB00397397 /* Theme.plist in Resources */ = {isa = PBXBuildFile; fileRef = EFD9BE3D14FA3DCB00397397 /* Theme.plist */; };
		EFD9BE4114FA442900397397 /* OETheme.m in Sources */ = {isa = PBXBuildFile; fileRef = EFD9BE4014FA442900397397 /* OETheme.m */; };
		EFD9BE4414FA49E700397397 /* OEThemeObject.m in Sources */ = {isa = PBXBuildFile; fileRef = EFD9BE4314FA49E700397397 /* OEThemeObject.m */; };
		EFD9BE4714FA49F300397397 /* OEThemeColor.m in Sources */ = {isa = PBXBuildFile; fileRef = EFD9BE4614FA49F300397397 /* OEThemeColor.m */; };
		EFD9BE5214FA823800397397 /* OEThemeTextAttributes.m in Sources */ = {isa = PBXBuildFile; fileRef = EFD9BE5114FA823800397397 /* OEThemeTextAttributes.m */; };
/* End PBXBuildFile section */

/* Begin PBXFileReference section */
		EF1027E11503B708003BC6C0 /* gloss_button.png */ = {isa = PBXFileReference; lastKnownFileType = image.png; path = gloss_button.png; sourceTree = "<group>"; };
		EF1027E31503FC78003BC6C0 /* OEGradientView.h */ = {isa = PBXFileReference; fileEncoding = 4; lastKnownFileType = sourcecode.c.h; path = OEGradientView.h; sourceTree = "<group>"; };
		EF1027E41503FC78003BC6C0 /* OEGradientView.m */ = {isa = PBXFileReference; fileEncoding = 4; lastKnownFileType = sourcecode.c.objc; path = OEGradientView.m; sourceTree = "<group>"; };
		EF1027E6150403A8003BC6C0 /* open_weblink_arrow.png */ = {isa = PBXFileReference; lastKnownFileType = image.png; path = open_weblink_arrow.png; sourceTree = "<group>"; };
		EF37DA3B14FC3BB00098A077 /* NSColor+OEAdditions.h */ = {isa = PBXFileReference; lastKnownFileType = sourcecode.c.h; name = "NSColor+OEAdditions.h"; path = "../NSColor+OEAdditions.h"; sourceTree = "<group>"; };
		EF37DA3C14FC3BB00098A077 /* NSColor+OEAdditions.m */ = {isa = PBXFileReference; lastKnownFileType = sourcecode.c.objc; name = "NSColor+OEAdditions.m"; path = "../NSColor+OEAdditions.m"; sourceTree = "<group>"; };
		EF37DA3D14FC3E850098A077 /* QuartzCore.framework */ = {isa = PBXFileReference; lastKnownFileType = wrapper.framework; name = QuartzCore.framework; path = System/Library/Frameworks/QuartzCore.framework; sourceTree = SDKROOT; };
		EF37DA3F14FC3F110098A077 /* OEThemeImage.h */ = {isa = PBXFileReference; fileEncoding = 4; lastKnownFileType = sourcecode.c.h; path = OEThemeImage.h; sourceTree = "<group>"; };
		EF37DA4014FC3F110098A077 /* OEThemeImage.m */ = {isa = PBXFileReference; fileEncoding = 4; lastKnownFileType = sourcecode.c.objc; path = OEThemeImage.m; sourceTree = "<group>"; };
		EF37DA4214FC41A50098A077 /* NSImage+OEDrawingAdditions.h */ = {isa = PBXFileReference; lastKnownFileType = sourcecode.c.h; name = "NSImage+OEDrawingAdditions.h"; path = "../NSImage+OEDrawingAdditions.h"; sourceTree = "<group>"; };
		EF37DA4314FC41A50098A077 /* NSImage+OEDrawingAdditions.m */ = {isa = PBXFileReference; lastKnownFileType = sourcecode.c.objc; name = "NSImage+OEDrawingAdditions.m"; path = "../NSImage+OEDrawingAdditions.m"; sourceTree = "<group>"; };
		EF910A25150240580071A0A8 /* OEThemeGradient.h */ = {isa = PBXFileReference; fileEncoding = 4; lastKnownFileType = sourcecode.c.h; path = OEThemeGradient.h; sourceTree = "<group>"; };
		EF910A26150240580071A0A8 /* OEThemeGradient.m */ = {isa = PBXFileReference; fileEncoding = 4; lastKnownFileType = sourcecode.c.objc; path = OEThemeGradient.m; sourceTree = "<group>"; };
		EF910A6015025CA00071A0A8 /* OEThemeButton.h */ = {isa = PBXFileReference; fileEncoding = 4; lastKnownFileType = sourcecode.c.h; path = OEThemeButton.h; sourceTree = "<group>"; };
		EF910A6115025CA00071A0A8 /* OEThemeButton.m */ = {isa = PBXFileReference; fileEncoding = 4; lastKnownFileType = sourcecode.c.objc; path = OEThemeButton.m; sourceTree = "<group>"; };
		EF910A67150266C90071A0A8 /* toolbar_view_buttons.png */ = {isa = PBXFileReference; lastKnownFileType = image.png; path = toolbar_view_buttons.png; sourceTree = "<group>"; };
		EFD9BE1B14FA3DB500397397 /* OEThemeFactory.app */ = {isa = PBXFileReference; explicitFileType = wrapper.application; includeInIndex = 0; path = OEThemeFactory.app; sourceTree = BUILT_PRODUCTS_DIR; };
		EFD9BE1F14FA3DB500397397 /* Cocoa.framework */ = {isa = PBXFileReference; lastKnownFileType = wrapper.framework; name = Cocoa.framework; path = System/Library/Frameworks/Cocoa.framework; sourceTree = SDKROOT; };
		EFD9BE2214FA3DB500397397 /* AppKit.framework */ = {isa = PBXFileReference; lastKnownFileType = wrapper.framework; name = AppKit.framework; path = System/Library/Frameworks/AppKit.framework; sourceTree = SDKROOT; };
		EFD9BE2314FA3DB500397397 /* CoreData.framework */ = {isa = PBXFileReference; lastKnownFileType = wrapper.framework; name = CoreData.framework; path = System/Library/Frameworks/CoreData.framework; sourceTree = SDKROOT; };
		EFD9BE2414FA3DB500397397 /* Foundation.framework */ = {isa = PBXFileReference; lastKnownFileType = wrapper.framework; name = Foundation.framework; path = System/Library/Frameworks/Foundation.framework; sourceTree = SDKROOT; };
		EFD9BE2714FA3DB500397397 /* OEThemeFactory-Info.plist */ = {isa = PBXFileReference; lastKnownFileType = text.plist.xml; path = "OEThemeFactory-Info.plist"; sourceTree = "<group>"; };
		EFD9BE2914FA3DB500397397 /* en */ = {isa = PBXFileReference; lastKnownFileType = text.plist.strings; name = en; path = en.lproj/InfoPlist.strings; sourceTree = "<group>"; };
		EFD9BE2B14FA3DB500397397 /* main.m */ = {isa = PBXFileReference; lastKnownFileType = sourcecode.c.objc; path = main.m; sourceTree = "<group>"; };
		EFD9BE2D14FA3DB500397397 /* OEThemeFactory-Prefix.pch */ = {isa = PBXFileReference; lastKnownFileType = sourcecode.c.h; path = "OEThemeFactory-Prefix.pch"; sourceTree = "<group>"; };
		EFD9BE2F14FA3DB500397397 /* en */ = {isa = PBXFileReference; lastKnownFileType = text.rtf; name = en; path = en.lproj/Credits.rtf; sourceTree = "<group>"; };
		EFD9BE3114FA3DB500397397 /* OEAppDelegate.h */ = {isa = PBXFileReference; lastKnownFileType = sourcecode.c.h; path = OEAppDelegate.h; sourceTree = "<group>"; };
		EFD9BE3214FA3DB500397397 /* OEAppDelegate.m */ = {isa = PBXFileReference; lastKnownFileType = sourcecode.c.objc; path = OEAppDelegate.m; sourceTree = "<group>"; };
		EFD9BE3514FA3DB500397397 /* en */ = {isa = PBXFileReference; lastKnownFileType = file.xib; name = en; path = en.lproj/MainMenu.xib; sourceTree = "<group>"; };
		EFD9BE3D14FA3DCB00397397 /* Theme.plist */ = {isa = PBXFileReference; fileEncoding = 4; lastKnownFileType = text.plist.xml; path = Theme.plist; sourceTree = "<group>"; };
		EFD9BE3F14FA442900397397 /* OETheme.h */ = {isa = PBXFileReference; fileEncoding = 4; lastKnownFileType = sourcecode.c.h; path = OETheme.h; sourceTree = "<group>"; };
		EFD9BE4014FA442900397397 /* OETheme.m */ = {isa = PBXFileReference; fileEncoding = 4; lastKnownFileType = sourcecode.c.objc; path = OETheme.m; sourceTree = "<group>"; };
		EFD9BE4214FA49E700397397 /* OEThemeObject.h */ = {isa = PBXFileReference; fileEncoding = 4; lastKnownFileType = sourcecode.c.h; path = OEThemeObject.h; sourceTree = "<group>"; };
		EFD9BE4314FA49E700397397 /* OEThemeObject.m */ = {isa = PBXFileReference; fileEncoding = 4; lastKnownFileType = sourcecode.c.objc; path = OEThemeObject.m; sourceTree = "<group>"; };
		EFD9BE4514FA49F300397397 /* OEThemeColor.h */ = {isa = PBXFileReference; fileEncoding = 4; lastKnownFileType = sourcecode.c.h; path = OEThemeColor.h; sourceTree = "<group>"; };
		EFD9BE4614FA49F300397397 /* OEThemeColor.m */ = {isa = PBXFileReference; fileEncoding = 4; lastKnownFileType = sourcecode.c.objc; path = OEThemeColor.m; sourceTree = "<group>"; };
		EFD9BE5014FA823800397397 /* OEThemeTextAttributes.h */ = {isa = PBXFileReference; fileEncoding = 4; lastKnownFileType = sourcecode.c.h; path = OEThemeTextAttributes.h; sourceTree = "<group>"; };
		EFD9BE5114FA823800397397 /* OEThemeTextAttributes.m */ = {isa = PBXFileReference; fileEncoding = 4; lastKnownFileType = sourcecode.c.objc; path = OEThemeTextAttributes.m; sourceTree = "<group>"; };
/* End PBXFileReference section */

/* Begin PBXFrameworksBuildPhase section */
		EFD9BE1814FA3DB500397397 /* Frameworks */ = {
			isa = PBXFrameworksBuildPhase;
			buildActionMask = 2147483647;
			files = (
				EF37DA3E14FC3E860098A077 /* QuartzCore.framework in Frameworks */,
				EFD9BE2014FA3DB500397397 /* Cocoa.framework in Frameworks */,
			);
			runOnlyForDeploymentPostprocessing = 0;
		};
/* End PBXFrameworksBuildPhase section */

/* Begin PBXGroup section */
		EFD9BE1014FA3DB500397397 = {
			isa = PBXGroup;
			children = (
				EFD9BE3C14FA3DBD00397397 /* Theme */,
				EFD9BE2514FA3DB500397397 /* OEThemeFactory */,
				EFD9BE1E14FA3DB500397397 /* Frameworks */,
				EFD9BE1C14FA3DB500397397 /* Products */,
			);
			sourceTree = "<group>";
		};
		EFD9BE1C14FA3DB500397397 /* Products */ = {
			isa = PBXGroup;
			children = (
				EFD9BE1B14FA3DB500397397 /* OEThemeFactory.app */,
			);
			name = Products;
			sourceTree = "<group>";
		};
		EFD9BE1E14FA3DB500397397 /* Frameworks */ = {
			isa = PBXGroup;
			children = (
				EFD9BE1F14FA3DB500397397 /* Cocoa.framework */,
				EF37DA3D14FC3E850098A077 /* QuartzCore.framework */,
				EFD9BE2114FA3DB500397397 /* Other Frameworks */,
			);
			name = Frameworks;
			sourceTree = "<group>";
		};
		EFD9BE2114FA3DB500397397 /* Other Frameworks */ = {
			isa = PBXGroup;
			children = (
				EFD9BE2214FA3DB500397397 /* AppKit.framework */,
				EFD9BE2314FA3DB500397397 /* CoreData.framework */,
				EFD9BE2414FA3DB500397397 /* Foundation.framework */,
			);
			name = "Other Frameworks";
			sourceTree = "<group>";
		};
		EFD9BE2514FA3DB500397397 /* OEThemeFactory */ = {
			isa = PBXGroup;
			children = (
				EF37DA3B14FC3BB00098A077 /* NSColor+OEAdditions.h */,
				EF37DA3C14FC3BB00098A077 /* NSColor+OEAdditions.m */,
				EF37DA4214FC41A50098A077 /* NSImage+OEDrawingAdditions.h */,
				EF37DA4314FC41A50098A077 /* NSImage+OEDrawingAdditions.m */,
				EFD9BE3114FA3DB500397397 /* OEAppDelegate.h */,
				EFD9BE3214FA3DB500397397 /* OEAppDelegate.m */,
				EFD9BE3414FA3DB500397397 /* MainMenu.xib */,
				EF910A67150266C90071A0A8 /* toolbar_view_buttons.png */,
				EF1027E11503B708003BC6C0 /* gloss_button.png */,
				EF1027E6150403A8003BC6C0 /* open_weblink_arrow.png */,
				EFD9BE2614FA3DB500397397 /* Supporting Files */,
				EF1027E31503FC78003BC6C0 /* OEGradientView.h */,
				EF1027E41503FC78003BC6C0 /* OEGradientView.m */,
			);
			path = OEThemeFactory;
			sourceTree = "<group>";
		};
		EFD9BE2614FA3DB500397397 /* Supporting Files */ = {
			isa = PBXGroup;
			children = (
				EFD9BE2714FA3DB500397397 /* OEThemeFactory-Info.plist */,
				EFD9BE2814FA3DB500397397 /* InfoPlist.strings */,
				EFD9BE2B14FA3DB500397397 /* main.m */,
				EFD9BE2D14FA3DB500397397 /* OEThemeFactory-Prefix.pch */,
				EFD9BE2E14FA3DB500397397 /* Credits.rtf */,
			);
			name = "Supporting Files";
			sourceTree = "<group>";
		};
		EFD9BE3C14FA3DBD00397397 /* Theme */ = {
			isa = PBXGroup;
			children = (
				EFD9BE3D14FA3DCB00397397 /* Theme.plist */,
				EFD9BE3F14FA442900397397 /* OETheme.h */,
				EFD9BE4014FA442900397397 /* OETheme.m */,
				EFD9BE4214FA49E700397397 /* OEThemeObject.h */,
				EFD9BE4314FA49E700397397 /* OEThemeObject.m */,
				EFD9BE4514FA49F300397397 /* OEThemeColor.h */,
				EFD9BE4614FA49F300397397 /* OEThemeColor.m */,
				EFD9BE5014FA823800397397 /* OEThemeTextAttributes.h */,
				EFD9BE5114FA823800397397 /* OEThemeTextAttributes.m */,
				EF37DA3F14FC3F110098A077 /* OEThemeImage.h */,
				EF37DA4014FC3F110098A077 /* OEThemeImage.m */,
				EF910A25150240580071A0A8 /* OEThemeGradient.h */,
				EF910A26150240580071A0A8 /* OEThemeGradient.m */,
				EF910A6015025CA00071A0A8 /* OEThemeButton.h */,
				EF910A6115025CA00071A0A8 /* OEThemeButton.m */,
			);
			name = Theme;
			sourceTree = "<group>";
		};
/* End PBXGroup section */

/* Begin PBXNativeTarget section */
		EFD9BE1A14FA3DB500397397 /* OEThemeFactory */ = {
			isa = PBXNativeTarget;
			buildConfigurationList = EFD9BE3914FA3DB500397397 /* Build configuration list for PBXNativeTarget "OEThemeFactory" */;
			buildPhases = (
				EFD9BE1714FA3DB500397397 /* Sources */,
				EFD9BE1814FA3DB500397397 /* Frameworks */,
				EFD9BE1914FA3DB500397397 /* Resources */,
			);
			buildRules = (
			);
			dependencies = (
			);
			name = OEThemeFactory;
			productName = OEThemeFactory;
			productReference = EFD9BE1B14FA3DB500397397 /* OEThemeFactory.app */;
			productType = "com.apple.product-type.application";
		};
/* End PBXNativeTarget section */

/* Begin PBXProject section */
		EFD9BE1214FA3DB500397397 /* Project object */ = {
			isa = PBXProject;
			attributes = {
				CLASSPREFIX = OE;
				LastUpgradeCheck = 0430;
			};
			buildConfigurationList = EFD9BE1514FA3DB500397397 /* Build configuration list for PBXProject "OEThemeFactory" */;
			compatibilityVersion = "Xcode 3.2";
			developmentRegion = English;
			hasScannedForEncodings = 0;
			knownRegions = (
				en,
			);
			mainGroup = EFD9BE1014FA3DB500397397;
			productRefGroup = EFD9BE1C14FA3DB500397397 /* Products */;
			projectDirPath = "";
			projectRoot = "";
			targets = (
				EFD9BE1A14FA3DB500397397 /* OEThemeFactory */,
			);
		};
/* End PBXProject section */

/* Begin PBXResourcesBuildPhase section */
		EFD9BE1914FA3DB500397397 /* Resources */ = {
			isa = PBXResourcesBuildPhase;
			buildActionMask = 2147483647;
			files = (
				EFD9BE2A14FA3DB500397397 /* InfoPlist.strings in Resources */,
				EFD9BE3014FA3DB500397397 /* Credits.rtf in Resources */,
				EFD9BE3614FA3DB500397397 /* MainMenu.xib in Resources */,
				EFD9BE3E14FA3DCB00397397 /* Theme.plist in Resources */,
				EF910A68150266C90071A0A8 /* toolbar_view_buttons.png in Resources */,
				EF1027E21503B708003BC6C0 /* gloss_button.png in Resources */,
				EF1027E7150403A8003BC6C0 /* open_weblink_arrow.png in Resources */,
			);
			runOnlyForDeploymentPostprocessing = 0;
		};
/* End PBXResourcesBuildPhase section */

/* Begin PBXSourcesBuildPhase section */
		EFD9BE1714FA3DB500397397 /* Sources */ = {
			isa = PBXSourcesBuildPhase;
			buildActionMask = 2147483647;
			files = (
				EFD9BE2C14FA3DB500397397 /* main.m in Sources */,
				EFD9BE3314FA3DB500397397 /* OEAppDelegate.m in Sources */,
				EFD9BE4114FA442900397397 /* OETheme.m in Sources */,
				EFD9BE4414FA49E700397397 /* OEThemeObject.m in Sources */,
				EFD9BE4714FA49F300397397 /* OEThemeColor.m in Sources */,
				EFD9BE5214FA823800397397 /* OEThemeTextAttributes.m in Sources */,
				EF37DA4114FC3F110098A077 /* OEThemeImage.m in Sources */,
				EF910A27150240580071A0A8 /* OEThemeGradient.m in Sources */,
				EF910A6215025CA00071A0A8 /* OEThemeButton.m in Sources */,
				EF910A6A150268610071A0A8 /* NSImage+OEDrawingAdditions.m in Sources */,
				EF1027DF15037AD3003BC6C0 /* NSColor+OEAdditions.m in Sources */,
				EF1027E51503FC78003BC6C0 /* OEGradientView.m in Sources */,
			);
			runOnlyForDeploymentPostprocessing = 0;
		};
/* End PBXSourcesBuildPhase section */

/* Begin PBXVariantGroup section */
		EFD9BE2814FA3DB500397397 /* InfoPlist.strings */ = {
			isa = PBXVariantGroup;
			children = (
				EFD9BE2914FA3DB500397397 /* en */,
			);
			name = InfoPlist.strings;
			sourceTree = "<group>";
		};
		EFD9BE2E14FA3DB500397397 /* Credits.rtf */ = {
			isa = PBXVariantGroup;
			children = (
				EFD9BE2F14FA3DB500397397 /* en */,
			);
			name = Credits.rtf;
			sourceTree = "<group>";
		};
		EFD9BE3414FA3DB500397397 /* MainMenu.xib */ = {
			isa = PBXVariantGroup;
			children = (
				EFD9BE3514FA3DB500397397 /* en */,
			);
			name = MainMenu.xib;
			sourceTree = "<group>";
		};
/* End PBXVariantGroup section */

/* Begin XCBuildConfiguration section */
		EFD9BE3714FA3DB500397397 /* Debug */ = {
			isa = XCBuildConfiguration;
			buildSettings = {
				ALWAYS_SEARCH_USER_PATHS = NO;
				ARCHS = "$(ARCHS_STANDARD_64_BIT)";
				COPY_PHASE_STRIP = NO;
				GCC_C_LANGUAGE_STANDARD = gnu99;
				GCC_DYNAMIC_NO_PIC = NO;
				GCC_ENABLE_OBJC_EXCEPTIONS = YES;
				GCC_OPTIMIZATION_LEVEL = 0;
				GCC_PREPROCESSOR_DEFINITIONS = (
					"DEBUG=1",
					"$(inherited)",
				);
				GCC_SYMBOLS_PRIVATE_EXTERN = NO;
				GCC_VERSION = com.apple.compilers.llvm.clang.1_0;
				GCC_WARN_64_TO_32_BIT_CONVERSION = YES;
				GCC_WARN_ABOUT_RETURN_TYPE = YES;
				GCC_WARN_UNINITIALIZED_AUTOS = YES;
				GCC_WARN_UNUSED_VARIABLE = YES;
				MACOSX_DEPLOYMENT_TARGET = 10.7;
				ONLY_ACTIVE_ARCH = YES;
				SDKROOT = macosx;
			};
			name = Debug;
		};
		EFD9BE3814FA3DB500397397 /* Release */ = {
			isa = XCBuildConfiguration;
			buildSettings = {
				ALWAYS_SEARCH_USER_PATHS = NO;
				ARCHS = "$(ARCHS_STANDARD_64_BIT)";
				COPY_PHASE_STRIP = YES;
				DEBUG_INFORMATION_FORMAT = "dwarf-with-dsym";
				GCC_C_LANGUAGE_STANDARD = gnu99;
				GCC_ENABLE_OBJC_EXCEPTIONS = YES;
				GCC_VERSION = com.apple.compilers.llvm.clang.1_0;
				GCC_WARN_64_TO_32_BIT_CONVERSION = YES;
				GCC_WARN_ABOUT_RETURN_TYPE = YES;
				GCC_WARN_UNINITIALIZED_AUTOS = YES;
				GCC_WARN_UNUSED_VARIABLE = YES;
				MACOSX_DEPLOYMENT_TARGET = 10.7;
				SDKROOT = macosx;
			};
			name = Release;
		};
		EFD9BE3A14FA3DB500397397 /* Debug */ = {
			isa = XCBuildConfiguration;
			buildSettings = {
				CLANG_ENABLE_OBJC_ARC = YES;
				GCC_PRECOMPILE_PREFIX_HEADER = YES;
				GCC_PREFIX_HEADER = "OEThemeFactory/OEThemeFactory-Prefix.pch";
				INFOPLIST_FILE = "OEThemeFactory/OEThemeFactory-Info.plist";
				PRODUCT_NAME = "$(TARGET_NAME)";
				WRAPPER_EXTENSION = app;
			};
			name = Debug;
		};
		EFD9BE3B14FA3DB500397397 /* Release */ = {
			isa = XCBuildConfiguration;
			buildSettings = {
				CLANG_ENABLE_OBJC_ARC = YES;
				GCC_PRECOMPILE_PREFIX_HEADER = YES;
				GCC_PREFIX_HEADER = "OEThemeFactory/OEThemeFactory-Prefix.pch";
				INFOPLIST_FILE = "OEThemeFactory/OEThemeFactory-Info.plist";
				PRODUCT_NAME = "$(TARGET_NAME)";
				WRAPPER_EXTENSION = app;
			};
			name = Release;
		};
/* End XCBuildConfiguration section */

/* Begin XCConfigurationList section */
		EFD9BE1514FA3DB500397397 /* Build configuration list for PBXProject "OEThemeFactory" */ = {
			isa = XCConfigurationList;
			buildConfigurations = (
				EFD9BE3714FA3DB500397397 /* Debug */,
				EFD9BE3814FA3DB500397397 /* Release */,
			);
			defaultConfigurationIsVisible = 0;
			defaultConfigurationName = Release;
		};
		EFD9BE3914FA3DB500397397 /* Build configuration list for PBXNativeTarget "OEThemeFactory" */ = {
			isa = XCConfigurationList;
			buildConfigurations = (
				EFD9BE3A14FA3DB500397397 /* Debug */,
				EFD9BE3B14FA3DB500397397 /* Release */,
			);
			defaultConfigurationIsVisible = 0;
			defaultConfigurationName = Release;
		};
/* End XCConfigurationList section */
	};
	rootObject = EFD9BE1214FA3DB500397397 /* Project object */;
}
