// !$*UTF8*$!
{
	archiveVersion = 1;
	classes = {
	};
	objectVersion = 46;
	objects = {

/* Begin PBXBuildFile section */
		EF0D7E4115131B9500070DBE /* hud_button.png in Resources */ = {isa = PBXBuildFile; fileRef = EF0D7E4015131B9500070DBE /* hud_button.png */; };
		EF1027DF15037AD3003BC6C0 /* NSColor+OEAdditions.m in Sources */ = {isa = PBXBuildFile; fileRef = EF37DA3C14FC3BB00098A077 /* NSColor+OEAdditions.m */; settings = {COMPILER_FLAGS = "-fno-objc-arc"; }; };
		EF1027E21503B708003BC6C0 /* gloss_button.png in Resources */ = {isa = PBXBuildFile; fileRef = EF1027E11503B708003BC6C0 /* gloss_button.png */; };
		EF1027E7150403A8003BC6C0 /* open_weblink_arrow.png in Resources */ = {isa = PBXBuildFile; fileRef = EF1027E6150403A8003BC6C0 /* open_weblink_arrow.png */; };
		EF26190D1538DC4A0032B7EB /* dark_menu_scroll_arrows.png in Resources */ = {isa = PBXBuildFile; fileRef = EF26190C1538DC4A0032B7EB /* dark_menu_scroll_arrows.png */; };
		EF33D80C150B5A3E00B93D87 /* dark_checkbox.png in Resources */ = {isa = PBXBuildFile; fileRef = EF33D80B150B5A3E00B93D87 /* dark_checkbox.png */; };
		EF33D80E150B5FAF00B93D87 /* gloss_checkbox.png in Resources */ = {isa = PBXBuildFile; fileRef = EF33D80D150B5FAF00B93D87 /* gloss_checkbox.png */; };
		EF33D811150B6F2B00B93D87 /* OEPopUpButton.m in Sources */ = {isa = PBXBuildFile; fileRef = EF33D810150B6F2A00B93D87 /* OEPopUpButton.m */; };
		EF33D817150B6F6E00B93D87 /* OEButtonCell.m in Sources */ = {isa = PBXBuildFile; fileRef = EF33D816150B6F6E00B93D87 /* OEButtonCell.m */; };
		EF33D81A150B73D100B93D87 /* OEPopUpButtonCell.m in Sources */ = {isa = PBXBuildFile; fileRef = EF33D819150B73D100B93D87 /* OEPopUpButtonCell.m */; };
		EF33D81C150B75ED00B93D87 /* dark_popup_button.png in Resources */ = {isa = PBXBuildFile; fileRef = EF33D81B150B75ED00B93D87 /* dark_popup_button.png */; };
		EF37DA3E14FC3E860098A077 /* QuartzCore.framework in Frameworks */ = {isa = PBXBuildFile; fileRef = EF37DA3D14FC3E850098A077 /* QuartzCore.framework */; };
		EF37DA4114FC3F110098A077 /* OEThemeImage.m in Sources */ = {isa = PBXBuildFile; fileRef = EF37DA4014FC3F110098A077 /* OEThemeImage.m */; };
		EF3B0EFD153496E40096D358 /* OEMenuItemExtraData.m in Sources */ = {isa = PBXBuildFile; fileRef = EFEBDB6C151079C2004DDC8C /* OEMenuItemExtraData.m */; };
		EF4A20AB153412680055B37B /* OEMenu.m in Sources */ = {isa = PBXBuildFile; fileRef = EF4A20A815340E290055B37B /* OEMenu.m */; };
		EF4A20AE153412730055B37B /* OEMenuView.m in Sources */ = {isa = PBXBuildFile; fileRef = EF4A20AD153412730055B37B /* OEMenuView.m */; };
		EF4A20B4153439900055B37B /* OEMenuDocumentView.m in Sources */ = {isa = PBXBuildFile; fileRef = EF4A20B3153439900055B37B /* OEMenuDocumentView.m */; };
		EF910A27150240580071A0A8 /* OEThemeGradient.m in Sources */ = {isa = PBXBuildFile; fileRef = EF910A26150240580071A0A8 /* OEThemeGradient.m */; };
		EF910A6215025CA00071A0A8 /* OEButton.m in Sources */ = {isa = PBXBuildFile; fileRef = EF910A6115025CA00071A0A8 /* OEButton.m */; };
		EF910A68150266C90071A0A8 /* toolbar_view_buttons.png in Resources */ = {isa = PBXBuildFile; fileRef = EF910A67150266C90071A0A8 /* toolbar_view_buttons.png */; };
		EF910A6A150268610071A0A8 /* NSImage+OEDrawingAdditions.m in Sources */ = {isa = PBXBuildFile; fileRef = EF37DA4314FC41A50098A077 /* NSImage+OEDrawingAdditions.m */; };
		EFA5381B150BC814003D07A1 /* dark_menu_arrows_body.png in Resources */ = {isa = PBXBuildFile; fileRef = EFA53814150BC814003D07A1 /* dark_menu_arrows_body.png */; };
		EFA5381C150BC814003D07A1 /* dark_menu_body.png in Resources */ = {isa = PBXBuildFile; fileRef = EFA53815150BC814003D07A1 /* dark_menu_body.png */; };
		EFA5381D150BC814003D07A1 /* menu_submenu_arrow.png in Resources */ = {isa = PBXBuildFile; fileRef = EFA53816150BC814003D07A1 /* menu_submenu_arrow.png */; };
		EFA5381E150BC814003D07A1 /* dark_submenu_body.png in Resources */ = {isa = PBXBuildFile; fileRef = EFA53817150BC814003D07A1 /* dark_submenu_body.png */; };
		EFA5381F150BC814003D07A1 /* light_menu_arrows_body.png in Resources */ = {isa = PBXBuildFile; fileRef = EFA53818150BC814003D07A1 /* light_menu_arrows_body.png */; };
		EFA53820150BC814003D07A1 /* light_menu_body.png in Resources */ = {isa = PBXBuildFile; fileRef = EFA53819150BC814003D07A1 /* light_menu_body.png */; };
		EFA53821150BC814003D07A1 /* light_submenu_body.png in Resources */ = {isa = PBXBuildFile; fileRef = EFA5381A150BC814003D07A1 /* light_submenu_body.png */; };
		EFA53829150C0AB9003D07A1 /* dark_menu_separator_item.png in Resources */ = {isa = PBXBuildFile; fileRef = EFA53828150C0AB9003D07A1 /* dark_menu_separator_item.png */; };
		EFA5382B150C0AC0003D07A1 /* light_menu_separator_item.png in Resources */ = {isa = PBXBuildFile; fileRef = EFA5382A150C0AC0003D07A1 /* light_menu_separator_item.png */; };
		EFD9BE2014FA3DB500397397 /* Cocoa.framework in Frameworks */ = {isa = PBXBuildFile; fileRef = EFD9BE1F14FA3DB500397397 /* Cocoa.framework */; };
		EFD9BE2A14FA3DB500397397 /* InfoPlist.strings in Resources */ = {isa = PBXBuildFile; fileRef = EFD9BE2814FA3DB500397397 /* InfoPlist.strings */; };
		EFD9BE2C14FA3DB500397397 /* main.m in Sources */ = {isa = PBXBuildFile; fileRef = EFD9BE2B14FA3DB500397397 /* main.m */; };
		EFD9BE3014FA3DB500397397 /* Credits.rtf in Resources */ = {isa = PBXBuildFile; fileRef = EFD9BE2E14FA3DB500397397 /* Credits.rtf */; };
		EFD9BE3314FA3DB500397397 /* OEAppDelegate.m in Sources */ = {isa = PBXBuildFile; fileRef = EFD9BE3214FA3DB500397397 /* OEAppDelegate.m */; };
		EFD9BE3614FA3DB500397397 /* MainMenu.xib in Resources */ = {isa = PBXBuildFile; fileRef = EFD9BE3414FA3DB500397397 /* MainMenu.xib */; };
		EFD9BE3E14FA3DCB00397397 /* Theme.plist in Resources */ = {isa = PBXBuildFile; fileRef = EFD9BE3D14FA3DCB00397397 /* Theme.plist */; };
		EFD9BE4114FA442900397397 /* OETheme.m in Sources */ = {isa = PBXBuildFile; fileRef = EFD9BE4014FA442900397397 /* OETheme.m */; };
		EFD9BE4414FA49E700397397 /* OEThemeObject.m in Sources */ = {isa = PBXBuildFile; fileRef = EFD9BE4314FA49E700397397 /* OEThemeObject.m */; };
		EFD9BE4714FA49F300397397 /* OEThemeColor.m in Sources */ = {isa = PBXBuildFile; fileRef = EFD9BE4614FA49F300397397 /* OEThemeColor.m */; };
		EFD9BE5214FA823800397397 /* OEThemeTextAttributes.m in Sources */ = {isa = PBXBuildFile; fileRef = EFD9BE5114FA823800397397 /* OEThemeTextAttributes.m */; };
		EFE98C52150D0458006010F4 /* menu_item_tick_mark.png in Resources */ = {isa = PBXBuildFile; fileRef = EFE98C51150D0458006010F4 /* menu_item_tick_mark.png */; };
		EFE98C55150D0491006010F4 /* menu_item_mixed_state.png in Resources */ = {isa = PBXBuildFile; fileRef = EFE98C54150D0491006010F4 /* menu_item_mixed_state.png */; };
		EFEBDB71151079E1004DDC8C /* NSMenuItem+OEMenuItemExtraDataAdditions.m in Sources */ = {isa = PBXBuildFile; fileRef = EFEBDB70151079E1004DDC8C /* NSMenuItem+OEMenuItemExtraDataAdditions.m */; };
/* End PBXBuildFile section */

/* Begin PBXFileReference section */
		EF0D7E4015131B9500070DBE /* hud_button.png */ = {isa = PBXFileReference; lastKnownFileType = image.png; path = hud_button.png; sourceTree = "<group>"; };
		EF1027E11503B708003BC6C0 /* gloss_button.png */ = {isa = PBXFileReference; lastKnownFileType = image.png; path = gloss_button.png; sourceTree = "<group>"; };
		EF1027E6150403A8003BC6C0 /* open_weblink_arrow.png */ = {isa = PBXFileReference; lastKnownFileType = image.png; path = open_weblink_arrow.png; sourceTree = "<group>"; };
		EF26190C1538DC4A0032B7EB /* dark_menu_scroll_arrows.png */ = {isa = PBXFileReference; lastKnownFileType = image.png; name = dark_menu_scroll_arrows.png; path = "../../OpenEmu/Interface Graphics/Menu/dark_menu_scroll_arrows.png"; sourceTree = "<group>"; };
		EF33D80B150B5A3E00B93D87 /* dark_checkbox.png */ = {isa = PBXFileReference; lastKnownFileType = image.png; path = dark_checkbox.png; sourceTree = "<group>"; };
		EF33D80D150B5FAF00B93D87 /* gloss_checkbox.png */ = {isa = PBXFileReference; lastKnownFileType = image.png; path = gloss_checkbox.png; sourceTree = "<group>"; };
		EF33D80F150B6F2A00B93D87 /* OEPopUpButton.h */ = {isa = PBXFileReference; fileEncoding = 4; lastKnownFileType = sourcecode.c.h; path = OEPopUpButton.h; sourceTree = "<group>"; };
		EF33D810150B6F2A00B93D87 /* OEPopUpButton.m */ = {isa = PBXFileReference; fileEncoding = 4; lastKnownFileType = sourcecode.c.objc; path = OEPopUpButton.m; sourceTree = "<group>"; };
		EF33D815150B6F6E00B93D87 /* OEButtonCell.h */ = {isa = PBXFileReference; fileEncoding = 4; lastKnownFileType = sourcecode.c.h; path = OEButtonCell.h; sourceTree = "<group>"; };
		EF33D816150B6F6E00B93D87 /* OEButtonCell.m */ = {isa = PBXFileReference; fileEncoding = 4; lastKnownFileType = sourcecode.c.objc; path = OEButtonCell.m; sourceTree = "<group>"; };
		EF33D818150B73D100B93D87 /* OEPopUpButtonCell.h */ = {isa = PBXFileReference; fileEncoding = 4; lastKnownFileType = sourcecode.c.h; path = OEPopUpButtonCell.h; sourceTree = "<group>"; };
		EF33D819150B73D100B93D87 /* OEPopUpButtonCell.m */ = {isa = PBXFileReference; fileEncoding = 4; lastKnownFileType = sourcecode.c.objc; path = OEPopUpButtonCell.m; sourceTree = "<group>"; };
		EF33D81B150B75ED00B93D87 /* dark_popup_button.png */ = {isa = PBXFileReference; lastKnownFileType = image.png; path = dark_popup_button.png; sourceTree = "<group>"; };
		EF34773B153472F900C947E9 /* OEMenu+OEMenuViewAdditions.h */ = {isa = PBXFileReference; fileEncoding = 4; lastKnownFileType = sourcecode.c.h; path = "OEMenu+OEMenuViewAdditions.h"; sourceTree = "<group>"; };
		EF37DA3B14FC3BB00098A077 /* NSColor+OEAdditions.h */ = {isa = PBXFileReference; lastKnownFileType = sourcecode.c.h; path = "NSColor+OEAdditions.h"; sourceTree = "<group>"; };
		EF37DA3C14FC3BB00098A077 /* NSColor+OEAdditions.m */ = {isa = PBXFileReference; lastKnownFileType = sourcecode.c.objc; path = "NSColor+OEAdditions.m"; sourceTree = "<group>"; };
		EF37DA3D14FC3E850098A077 /* QuartzCore.framework */ = {isa = PBXFileReference; lastKnownFileType = wrapper.framework; name = QuartzCore.framework; path = System/Library/Frameworks/QuartzCore.framework; sourceTree = SDKROOT; };
		EF37DA3F14FC3F110098A077 /* OEThemeImage.h */ = {isa = PBXFileReference; fileEncoding = 4; lastKnownFileType = sourcecode.c.h; path = OEThemeImage.h; sourceTree = "<group>"; };
		EF37DA4014FC3F110098A077 /* OEThemeImage.m */ = {isa = PBXFileReference; fileEncoding = 4; lastKnownFileType = sourcecode.c.objc; path = OEThemeImage.m; sourceTree = "<group>"; };
		EF37DA4214FC41A50098A077 /* NSImage+OEDrawingAdditions.h */ = {isa = PBXFileReference; lastKnownFileType = sourcecode.c.h; path = "NSImage+OEDrawingAdditions.h"; sourceTree = "<group>"; };
		EF37DA4314FC41A50098A077 /* NSImage+OEDrawingAdditions.m */ = {isa = PBXFileReference; lastKnownFileType = sourcecode.c.objc; path = "NSImage+OEDrawingAdditions.m"; sourceTree = "<group>"; };
		EF3B0EF9153492E80096D358 /* OEMenuDocumentView+OEMenuView.h */ = {isa = PBXFileReference; fileEncoding = 4; lastKnownFileType = sourcecode.c.h; path = "OEMenuDocumentView+OEMenuView.h"; sourceTree = "<group>"; };
		EF4A20A715340E290055B37B /* OEMenu.h */ = {isa = PBXFileReference; fileEncoding = 4; lastKnownFileType = sourcecode.c.h; path = OEMenu.h; sourceTree = "<group>"; };
		EF4A20A815340E290055B37B /* OEMenu.m */ = {isa = PBXFileReference; fileEncoding = 4; lastKnownFileType = sourcecode.c.objc; path = OEMenu.m; sourceTree = "<group>"; };
		EF4A20AC153412730055B37B /* OEMenuView.h */ = {isa = PBXFileReference; fileEncoding = 4; lastKnownFileType = sourcecode.c.h; path = OEMenuView.h; sourceTree = "<group>"; };
		EF4A20AD153412730055B37B /* OEMenuView.m */ = {isa = PBXFileReference; fileEncoding = 4; lastKnownFileType = sourcecode.c.objc; path = OEMenuView.m; sourceTree = "<group>"; };
		EF4A20AF1534334A0055B37B /* OEMenuView+OEMenuAdditions.h */ = {isa = PBXFileReference; fileEncoding = 4; lastKnownFileType = sourcecode.c.h; path = "OEMenuView+OEMenuAdditions.h"; sourceTree = "<group>"; };
		EF4A20B2153439900055B37B /* OEMenuDocumentView.h */ = {isa = PBXFileReference; fileEncoding = 4; lastKnownFileType = sourcecode.c.h; path = OEMenuDocumentView.h; sourceTree = "<group>"; };
		EF4A20B3153439900055B37B /* OEMenuDocumentView.m */ = {isa = PBXFileReference; fileEncoding = 4; lastKnownFileType = sourcecode.c.objc; path = OEMenuDocumentView.m; sourceTree = "<group>"; };
		EF910A25150240580071A0A8 /* OEThemeGradient.h */ = {isa = PBXFileReference; fileEncoding = 4; lastKnownFileType = sourcecode.c.h; path = OEThemeGradient.h; sourceTree = "<group>"; };
		EF910A26150240580071A0A8 /* OEThemeGradient.m */ = {isa = PBXFileReference; fileEncoding = 4; lastKnownFileType = sourcecode.c.objc; path = OEThemeGradient.m; sourceTree = "<group>"; };
		EF910A6015025CA00071A0A8 /* OEButton.h */ = {isa = PBXFileReference; fileEncoding = 4; lastKnownFileType = sourcecode.c.h; path = OEButton.h; sourceTree = "<group>"; };
		EF910A6115025CA00071A0A8 /* OEButton.m */ = {isa = PBXFileReference; fileEncoding = 4; lastKnownFileType = sourcecode.c.objc; path = OEButton.m; sourceTree = "<group>"; };
		EF910A67150266C90071A0A8 /* toolbar_view_buttons.png */ = {isa = PBXFileReference; lastKnownFileType = image.png; path = toolbar_view_buttons.png; sourceTree = "<group>"; };
		EFA53814150BC814003D07A1 /* dark_menu_arrows_body.png */ = {isa = PBXFileReference; lastKnownFileType = image.png; path = dark_menu_arrows_body.png; sourceTree = "<group>"; };
		EFA53815150BC814003D07A1 /* dark_menu_body.png */ = {isa = PBXFileReference; lastKnownFileType = image.png; path = dark_menu_body.png; sourceTree = "<group>"; };
		EFA53816150BC814003D07A1 /* menu_submenu_arrow.png */ = {isa = PBXFileReference; lastKnownFileType = image.png; path = menu_submenu_arrow.png; sourceTree = "<group>"; };
		EFA53817150BC814003D07A1 /* dark_submenu_body.png */ = {isa = PBXFileReference; lastKnownFileType = image.png; path = dark_submenu_body.png; sourceTree = "<group>"; };
		EFA53818150BC814003D07A1 /* light_menu_arrows_body.png */ = {isa = PBXFileReference; lastKnownFileType = image.png; path = light_menu_arrows_body.png; sourceTree = "<group>"; };
		EFA53819150BC814003D07A1 /* light_menu_body.png */ = {isa = PBXFileReference; lastKnownFileType = image.png; path = light_menu_body.png; sourceTree = "<group>"; };
		EFA5381A150BC814003D07A1 /* light_submenu_body.png */ = {isa = PBXFileReference; lastKnownFileType = image.png; path = light_submenu_body.png; sourceTree = "<group>"; };
		EFA53828150C0AB9003D07A1 /* dark_menu_separator_item.png */ = {isa = PBXFileReference; lastKnownFileType = image.png; path = dark_menu_separator_item.png; sourceTree = "<group>"; };
		EFA5382A150C0AC0003D07A1 /* light_menu_separator_item.png */ = {isa = PBXFileReference; lastKnownFileType = image.png; path = light_menu_separator_item.png; sourceTree = "<group>"; };
		EFD9BE1B14FA3DB500397397 /* OEThemeFactory.app */ = {isa = PBXFileReference; explicitFileType = wrapper.application; includeInIndex = 0; path = OEThemeFactory.app; sourceTree = BUILT_PRODUCTS_DIR; };
		EFD9BE1F14FA3DB500397397 /* Cocoa.framework */ = {isa = PBXFileReference; lastKnownFileType = wrapper.framework; name = Cocoa.framework; path = System/Library/Frameworks/Cocoa.framework; sourceTree = SDKROOT; };
		EFD9BE2214FA3DB500397397 /* AppKit.framework */ = {isa = PBXFileReference; lastKnownFileType = wrapper.framework; name = AppKit.framework; path = System/Library/Frameworks/AppKit.framework; sourceTree = SDKROOT; };
		EFD9BE2314FA3DB500397397 /* CoreData.framework */ = {isa = PBXFileReference; lastKnownFileType = wrapper.framework; name = CoreData.framework; path = System/Library/Frameworks/CoreData.framework; sourceTree = SDKROOT; };
		EFD9BE2414FA3DB500397397 /* Foundation.framework */ = {isa = PBXFileReference; lastKnownFileType = wrapper.framework; name = Foundation.framework; path = System/Library/Frameworks/Foundation.framework; sourceTree = SDKROOT; };
		EFD9BE2714FA3DB500397397 /* OEThemeFactory-Info.plist */ = {isa = PBXFileReference; lastKnownFileType = text.plist.xml; path = "OEThemeFactory-Info.plist"; sourceTree = "<group>"; };
		EFD9BE2914FA3DB500397397 /* en */ = {isa = PBXFileReference; lastKnownFileType = text.plist.strings; name = en; path = en.lproj/InfoPlist.strings; sourceTree = "<group>"; };
		EFD9BE2B14FA3DB500397397 /* main.m */ = {isa = PBXFileReference; lastKnownFileType = sourcecode.c.objc; path = main.m; sourceTree = "<group>"; };
		EFD9BE2D14FA3DB500397397 /* OEThemeFactory-Prefix.pch */ = {isa = PBXFileReference; lastKnownFileType = sourcecode.c.h; path = "OEThemeFactory-Prefix.pch"; sourceTree = "<group>"; };
		EFD9BE2F14FA3DB500397397 /* en */ = {isa = PBXFileReference; lastKnownFileType = text.rtf; name = en; path = en.lproj/Credits.rtf; sourceTree = "<group>"; };
		EFD9BE3114FA3DB500397397 /* OEAppDelegate.h */ = {isa = PBXFileReference; lastKnownFileType = sourcecode.c.h; path = OEAppDelegate.h; sourceTree = "<group>"; };
		EFD9BE3214FA3DB500397397 /* OEAppDelegate.m */ = {isa = PBXFileReference; lastKnownFileType = sourcecode.c.objc; path = OEAppDelegate.m; sourceTree = "<group>"; };
		EFD9BE3514FA3DB500397397 /* en */ = {isa = PBXFileReference; lastKnownFileType = file.xib; name = en; path = en.lproj/MainMenu.xib; sourceTree = "<group>"; };
		EFD9BE3D14FA3DCB00397397 /* Theme.plist */ = {isa = PBXFileReference; fileEncoding = 4; lastKnownFileType = text.plist.xml; path = Theme.plist; sourceTree = "<group>"; };
		EFD9BE3F14FA442900397397 /* OETheme.h */ = {isa = PBXFileReference; fileEncoding = 4; lastKnownFileType = sourcecode.c.h; path = OETheme.h; sourceTree = "<group>"; };
		EFD9BE4014FA442900397397 /* OETheme.m */ = {isa = PBXFileReference; fileEncoding = 4; lastKnownFileType = sourcecode.c.objc; path = OETheme.m; sourceTree = "<group>"; };
		EFD9BE4214FA49E700397397 /* OEThemeObject.h */ = {isa = PBXFileReference; fileEncoding = 4; lastKnownFileType = sourcecode.c.h; path = OEThemeObject.h; sourceTree = "<group>"; };
		EFD9BE4314FA49E700397397 /* OEThemeObject.m */ = {isa = PBXFileReference; fileEncoding = 4; lastKnownFileType = sourcecode.c.objc; path = OEThemeObject.m; sourceTree = "<group>"; };
		EFD9BE4514FA49F300397397 /* OEThemeColor.h */ = {isa = PBXFileReference; fileEncoding = 4; lastKnownFileType = sourcecode.c.h; path = OEThemeColor.h; sourceTree = "<group>"; };
		EFD9BE4614FA49F300397397 /* OEThemeColor.m */ = {isa = PBXFileReference; fileEncoding = 4; lastKnownFileType = sourcecode.c.objc; path = OEThemeColor.m; sourceTree = "<group>"; };
		EFD9BE5014FA823800397397 /* OEThemeTextAttributes.h */ = {isa = PBXFileReference; fileEncoding = 4; lastKnownFileType = sourcecode.c.h; path = OEThemeTextAttributes.h; sourceTree = "<group>"; };
		EFD9BE5114FA823800397397 /* OEThemeTextAttributes.m */ = {isa = PBXFileReference; fileEncoding = 4; lastKnownFileType = sourcecode.c.objc; path = OEThemeTextAttributes.m; sourceTree = "<group>"; };
		EFE98C51150D0458006010F4 /* menu_item_tick_mark.png */ = {isa = PBXFileReference; lastKnownFileType = image.png; path = menu_item_tick_mark.png; sourceTree = "<group>"; };
		EFE98C54150D0491006010F4 /* menu_item_mixed_state.png */ = {isa = PBXFileReference; lastKnownFileType = image.png; path = menu_item_mixed_state.png; sourceTree = "<group>"; };
		EFEBDB6B151079C2004DDC8C /* OEMenuItemExtraData.h */ = {isa = PBXFileReference; fileEncoding = 4; lastKnownFileType = sourcecode.c.h; path = OEMenuItemExtraData.h; sourceTree = "<group>"; };
		EFEBDB6C151079C2004DDC8C /* OEMenuItemExtraData.m */ = {isa = PBXFileReference; fileEncoding = 4; lastKnownFileType = sourcecode.c.objc; path = OEMenuItemExtraData.m; sourceTree = "<group>"; };
		EFEBDB6F151079E1004DDC8C /* NSMenuItem+OEMenuItemExtraDataAdditions.h */ = {isa = PBXFileReference; fileEncoding = 4; lastKnownFileType = sourcecode.c.h; path = "NSMenuItem+OEMenuItemExtraDataAdditions.h"; sourceTree = "<group>"; };
		EFEBDB70151079E1004DDC8C /* NSMenuItem+OEMenuItemExtraDataAdditions.m */ = {isa = PBXFileReference; fileEncoding = 4; lastKnownFileType = sourcecode.c.objc; path = "NSMenuItem+OEMenuItemExtraDataAdditions.m"; sourceTree = "<group>"; };
/* End PBXFileReference section */

/* Begin PBXFrameworksBuildPhase section */
		EFD9BE1814FA3DB500397397 /* Frameworks */ = {
			isa = PBXFrameworksBuildPhase;
			buildActionMask = 2147483647;
			files = (
				EF37DA3E14FC3E860098A077 /* QuartzCore.framework in Frameworks */,
				EFD9BE2014FA3DB500397397 /* Cocoa.framework in Frameworks */,
			);
			runOnlyForDeploymentPostprocessing = 0;
		};
/* End PBXFrameworksBuildPhase section */

/* Begin PBXGroup section */
		EF33D812150B6F3900B93D87 /* Buttons */ = {
			isa = PBXGroup;
			children = (
				EF910A6015025CA00071A0A8 /* OEButton.h */,
				EF910A6115025CA00071A0A8 /* OEButton.m */,
				EF33D80F150B6F2A00B93D87 /* OEPopUpButton.h */,
				EF33D810150B6F2A00B93D87 /* OEPopUpButton.m */,
			);
			name = Buttons;
			sourceTree = "<group>";
		};
		EF33D813150B6F4900B93D87 /* Button Cells */ = {
			isa = PBXGroup;
			children = (
				EF33D815150B6F6E00B93D87 /* OEButtonCell.h */,
				EF33D816150B6F6E00B93D87 /* OEButtonCell.m */,
				EF33D818150B73D100B93D87 /* OEPopUpButtonCell.h */,
				EF33D819150B73D100B93D87 /* OEPopUpButtonCell.m */,
			);
			name = "Button Cells";
			sourceTree = "<group>";
		};
		EF33D814150B6F5A00B93D87 /* Controls */ = {
			isa = PBXGroup;
			children = (
				EFD9BE3D14FA3DCB00397397 /* Theme.plist */,
				EF33D81D150BA65F00B93D87 /* Menu */,
				EF33D812150B6F3900B93D87 /* Buttons */,
				EF33D813150B6F4900B93D87 /* Button Cells */,
			);
			path = Controls;
			sourceTree = "<group>";
		};
		EF33D81D150BA65F00B93D87 /* Menu */ = {
			isa = PBXGroup;
			children = (
				EF4A20A715340E290055B37B /* OEMenu.h */,
				EF4A20A815340E290055B37B /* OEMenu.m */,
				EF4A20AC153412730055B37B /* OEMenuView.h */,
				EF4A20AD153412730055B37B /* OEMenuView.m */,
				EF4A20B2153439900055B37B /* OEMenuDocumentView.h */,
				EF4A20B3153439900055B37B /* OEMenuDocumentView.m */,
				EF34773B153472F900C947E9 /* OEMenu+OEMenuViewAdditions.h */,
				EF4A20AF1534334A0055B37B /* OEMenuView+OEMenuAdditions.h */,
				EF3B0EF9153492E80096D358 /* OEMenuDocumentView+OEMenuView.h */,
				EFEBDB6B151079C2004DDC8C /* OEMenuItemExtraData.h */,
				EFEBDB6C151079C2004DDC8C /* OEMenuItemExtraData.m */,
				EFEBDB6F151079E1004DDC8C /* NSMenuItem+OEMenuItemExtraDataAdditions.h */,
				EFEBDB70151079E1004DDC8C /* NSMenuItem+OEMenuItemExtraDataAdditions.m */,
			);
			name = Menu;
			sourceTree = "<group>";
		};
		EFA53822150BC81D003D07A1 /* Menu */ = {
			isa = PBXGroup;
			children = (
				EFA53816150BC814003D07A1 /* menu_submenu_arrow.png */,
				EFE98C51150D0458006010F4 /* menu_item_tick_mark.png */,
				EFE98C54150D0491006010F4 /* menu_item_mixed_state.png */,
				EFA53823150BC828003D07A1 /* Dark Style */,
				EFA53824150BC82D003D07A1 /* Light Style */,
			);
			name = Menu;
			sourceTree = "<group>";
		};
		EFA53823150BC828003D07A1 /* Dark Style */ = {
			isa = PBXGroup;
			children = (
				EF26190C1538DC4A0032B7EB /* dark_menu_scroll_arrows.png */,
				EFA53815150BC814003D07A1 /* dark_menu_body.png */,
				EFA53814150BC814003D07A1 /* dark_menu_arrows_body.png */,
				EFA53817150BC814003D07A1 /* dark_submenu_body.png */,
				EFA53828150C0AB9003D07A1 /* dark_menu_separator_item.png */,
			);
			name = "Dark Style";
			sourceTree = "<group>";
		};
		EFA53824150BC82D003D07A1 /* Light Style */ = {
			isa = PBXGroup;
			children = (
				EFA53819150BC814003D07A1 /* light_menu_body.png */,
				EFA53818150BC814003D07A1 /* light_menu_arrows_body.png */,
				EFA5381A150BC814003D07A1 /* light_submenu_body.png */,
				EFA5382A150C0AC0003D07A1 /* light_menu_separator_item.png */,
			);
			name = "Light Style";
			sourceTree = "<group>";
		};
		EFA53825150BC852003D07A1 /* Buttons */ = {
			isa = PBXGroup;
			children = (
				EF910A67150266C90071A0A8 /* toolbar_view_buttons.png */,
				EF1027E11503B708003BC6C0 /* gloss_button.png */,
				EF0D7E4015131B9500070DBE /* hud_button.png */,
				EF33D81B150B75ED00B93D87 /* dark_popup_button.png */,
			);
			name = Buttons;
			sourceTree = "<group>";
		};
		EFA53826150BC85E003D07A1 /* Checkbox */ = {
			isa = PBXGroup;
			children = (
				EF33D80B150B5A3E00B93D87 /* dark_checkbox.png */,
				EF33D80D150B5FAF00B93D87 /* gloss_checkbox.png */,
			);
			name = Checkbox;
			sourceTree = "<group>";
		};
		EFA53827150BC864003D07A1 /* Miscellaneous */ = {
			isa = PBXGroup;
			children = (
				EF1027E6150403A8003BC6C0 /* open_weblink_arrow.png */,
			);
			name = Miscellaneous;
			sourceTree = "<group>";
		};
		EFD9BE1014FA3DB500397397 = {
			isa = PBXGroup;
			children = (
				EFD9BE3C14FA3DBD00397397 /* Theme */,
				EFD9BE2514FA3DB500397397 /* OEThemeFactory */,
				EFD9BE1E14FA3DB500397397 /* Frameworks */,
				EFD9BE1C14FA3DB500397397 /* Products */,
			);
			sourceTree = "<group>";
		};
		EFD9BE1C14FA3DB500397397 /* Products */ = {
			isa = PBXGroup;
			children = (
				EFD9BE1B14FA3DB500397397 /* OEThemeFactory.app */,
			);
			name = Products;
			sourceTree = "<group>";
		};
		EFD9BE1E14FA3DB500397397 /* Frameworks */ = {
			isa = PBXGroup;
			children = (
				EFD9BE1F14FA3DB500397397 /* Cocoa.framework */,
				EF37DA3D14FC3E850098A077 /* QuartzCore.framework */,
				EFD9BE2114FA3DB500397397 /* Other Frameworks */,
			);
			name = Frameworks;
			sourceTree = "<group>";
		};
		EFD9BE2114FA3DB500397397 /* Other Frameworks */ = {
			isa = PBXGroup;
			children = (
				EFD9BE2214FA3DB500397397 /* AppKit.framework */,
				EFD9BE2314FA3DB500397397 /* CoreData.framework */,
				EFD9BE2414FA3DB500397397 /* Foundation.framework */,
			);
			name = "Other Frameworks";
			sourceTree = "<group>";
		};
		EFD9BE2514FA3DB500397397 /* OEThemeFactory */ = {
			isa = PBXGroup;
			children = (
				EF37DA3B14FC3BB00098A077 /* NSColor+OEAdditions.h */,
				EF37DA3C14FC3BB00098A077 /* NSColor+OEAdditions.m */,
				EF37DA4214FC41A50098A077 /* NSImage+OEDrawingAdditions.h */,
				EF37DA4314FC41A50098A077 /* NSImage+OEDrawingAdditions.m */,
				EFD9BE3114FA3DB500397397 /* OEAppDelegate.h */,
				EFD9BE3214FA3DB500397397 /* OEAppDelegate.m */,
				EFD9BE3414FA3DB500397397 /* MainMenu.xib */,
				EFA53825150BC852003D07A1 /* Buttons */,
				EFA53826150BC85E003D07A1 /* Checkbox */,
				EFA53822150BC81D003D07A1 /* Menu */,
				EFA53827150BC864003D07A1 /* Miscellaneous */,
				EFD9BE2614FA3DB500397397 /* Supporting Files */,
			);
			path = OEThemeFactory;
			sourceTree = "<group>";
		};
		EFD9BE2614FA3DB500397397 /* Supporting Files */ = {
			isa = PBXGroup;
			children = (
				EFD9BE2714FA3DB500397397 /* OEThemeFactory-Info.plist */,
				EFD9BE2814FA3DB500397397 /* InfoPlist.strings */,
				EFD9BE2B14FA3DB500397397 /* main.m */,
				EFD9BE2D14FA3DB500397397 /* OEThemeFactory-Prefix.pch */,
				EFD9BE2E14FA3DB500397397 /* Credits.rtf */,
			);
			name = "Supporting Files";
			sourceTree = "<group>";
		};
		EFD9BE3C14FA3DBD00397397 /* Theme */ = {
			isa = PBXGroup;
			children = (
				EFD9BE3F14FA442900397397 /* OETheme.h */,
				EFD9BE4014FA442900397397 /* OETheme.m */,
				EFD9BE4214FA49E700397397 /* OEThemeObject.h */,
				EFD9BE4314FA49E700397397 /* OEThemeObject.m */,
				EFD9BE4514FA49F300397397 /* OEThemeColor.h */,
				EFD9BE4614FA49F300397397 /* OEThemeColor.m */,
				EFD9BE5014FA823800397397 /* OEThemeTextAttributes.h */,
				EFD9BE5114FA823800397397 /* OEThemeTextAttributes.m */,
				EF37DA3F14FC3F110098A077 /* OEThemeImage.h */,
				EF37DA4014FC3F110098A077 /* OEThemeImage.m */,
				EF910A25150240580071A0A8 /* OEThemeGradient.h */,
				EF910A26150240580071A0A8 /* OEThemeGradient.m */,
				EF33D814150B6F5A00B93D87 /* Controls */,
			);
			name = Theme;
			path = OETheme;
			sourceTree = "<group>";
		};
/* End PBXGroup section */

/* Begin PBXNativeTarget section */
		EFD9BE1A14FA3DB500397397 /* OEThemeFactory */ = {
			isa = PBXNativeTarget;
			buildConfigurationList = EFD9BE3914FA3DB500397397 /* Build configuration list for PBXNativeTarget "OEThemeFactory" */;
			buildPhases = (
				EFD9BE1714FA3DB500397397 /* Sources */,
				EFD9BE1814FA3DB500397397 /* Frameworks */,
				EFD9BE1914FA3DB500397397 /* Resources */,
			);
			buildRules = (
			);
			dependencies = (
			);
			name = OEThemeFactory;
			productName = OEThemeFactory;
			productReference = EFD9BE1B14FA3DB500397397 /* OEThemeFactory.app */;
			productType = "com.apple.product-type.application";
		};
/* End PBXNativeTarget section */

/* Begin PBXProject section */
		EFD9BE1214FA3DB500397397 /* Project object */ = {
			isa = PBXProject;
			attributes = {
				CLASSPREFIX = OE;
				LastUpgradeCheck = 0430;
			};
			buildConfigurationList = EFD9BE1514FA3DB500397397 /* Build configuration list for PBXProject "OEThemeFactory" */;
			compatibilityVersion = "Xcode 3.2";
			developmentRegion = English;
			hasScannedForEncodings = 0;
			knownRegions = (
				en,
			);
			mainGroup = EFD9BE1014FA3DB500397397;
			productRefGroup = EFD9BE1C14FA3DB500397397 /* Products */;
			projectDirPath = "";
			projectRoot = "";
			targets = (
				EFD9BE1A14FA3DB500397397 /* OEThemeFactory */,
			);
		};
/* End PBXProject section */

/* Begin PBXResourcesBuildPhase section */
		EFD9BE1914FA3DB500397397 /* Resources */ = {
			isa = PBXResourcesBuildPhase;
			buildActionMask = 2147483647;
			files = (
				EFD9BE2A14FA3DB500397397 /* InfoPlist.strings in Resources */,
				EFD9BE3014FA3DB500397397 /* Credits.rtf in Resources */,
				EFD9BE3614FA3DB500397397 /* MainMenu.xib in Resources */,
				EFD9BE3E14FA3DCB00397397 /* Theme.plist in Resources */,
				EF910A68150266C90071A0A8 /* toolbar_view_buttons.png in Resources */,
				EF1027E21503B708003BC6C0 /* gloss_button.png in Resources */,
				EF1027E7150403A8003BC6C0 /* open_weblink_arrow.png in Resources */,
				EF33D80C150B5A3E00B93D87 /* dark_checkbox.png in Resources */,
				EF33D80E150B5FAF00B93D87 /* gloss_checkbox.png in Resources */,
				EF33D81C150B75ED00B93D87 /* dark_popup_button.png in Resources */,
				EFA5381B150BC814003D07A1 /* dark_menu_arrows_body.png in Resources */,
				EFA5381C150BC814003D07A1 /* dark_menu_body.png in Resources */,
				EFA5381D150BC814003D07A1 /* menu_submenu_arrow.png in Resources */,
				EFA5381E150BC814003D07A1 /* dark_submenu_body.png in Resources */,
				EFA5381F150BC814003D07A1 /* light_menu_arrows_body.png in Resources */,
				EFA53820150BC814003D07A1 /* light_menu_body.png in Resources */,
				EFA53821150BC814003D07A1 /* light_submenu_body.png in Resources */,
				EFA53829150C0AB9003D07A1 /* dark_menu_separator_item.png in Resources */,
				EFA5382B150C0AC0003D07A1 /* light_menu_separator_item.png in Resources */,
				EFE98C52150D0458006010F4 /* menu_item_tick_mark.png in Resources */,
				EFE98C55150D0491006010F4 /* menu_item_mixed_state.png in Resources */,
				EF0D7E4115131B9500070DBE /* hud_button.png in Resources */,
				EF26190D1538DC4A0032B7EB /* dark_menu_scroll_arrows.png in Resources */,
			);
			runOnlyForDeploymentPostprocessing = 0;
		};
/* End PBXResourcesBuildPhase section */

/* Begin PBXSourcesBuildPhase section */
		EFD9BE1714FA3DB500397397 /* Sources */ = {
			isa = PBXSourcesBuildPhase;
			buildActionMask = 2147483647;
			files = (
				EFD9BE2C14FA3DB500397397 /* main.m in Sources */,
				EFD9BE3314FA3DB500397397 /* OEAppDelegate.m in Sources */,
				EFD9BE4114FA442900397397 /* OETheme.m in Sources */,
				EFD9BE4414FA49E700397397 /* OEThemeObject.m in Sources */,
				EFD9BE4714FA49F300397397 /* OEThemeColor.m in Sources */,
				EFD9BE5214FA823800397397 /* OEThemeTextAttributes.m in Sources */,
				EF37DA4114FC3F110098A077 /* OEThemeImage.m in Sources */,
				EF910A27150240580071A0A8 /* OEThemeGradient.m in Sources */,
				EF910A6215025CA00071A0A8 /* OEButton.m in Sources */,
				EF910A6A150268610071A0A8 /* NSImage+OEDrawingAdditions.m in Sources */,
				EF1027DF15037AD3003BC6C0 /* NSColor+OEAdditions.m in Sources */,
				EF33D811150B6F2B00B93D87 /* OEPopUpButton.m in Sources */,
				EF33D817150B6F6E00B93D87 /* OEButtonCell.m in Sources */,
				EF33D81A150B73D100B93D87 /* OEPopUpButtonCell.m in Sources */,
				EFEBDB71151079E1004DDC8C /* NSMenuItem+OEMenuItemExtraDataAdditions.m in Sources */,
				EF4A20AB153412680055B37B /* OEMenu.m in Sources */,
				EF4A20AE153412730055B37B /* OEMenuView.m in Sources */,
				EF4A20B4153439900055B37B /* OEMenuDocumentView.m in Sources */,
				EF3B0EFD153496E40096D358 /* OEMenuItemExtraData.m in Sources */,
			);
			runOnlyForDeploymentPostprocessing = 0;
		};
/* End PBXSourcesBuildPhase section */

/* Begin PBXVariantGroup section */
		EFD9BE2814FA3DB500397397 /* InfoPlist.strings */ = {
			isa = PBXVariantGroup;
			children = (
				EFD9BE2914FA3DB500397397 /* en */,
			);
			name = InfoPlist.strings;
			sourceTree = "<group>";
		};
		EFD9BE2E14FA3DB500397397 /* Credits.rtf */ = {
			isa = PBXVariantGroup;
			children = (
				EFD9BE2F14FA3DB500397397 /* en */,
			);
			name = Credits.rtf;
			sourceTree = "<group>";
		};
		EFD9BE3414FA3DB500397397 /* MainMenu.xib */ = {
			isa = PBXVariantGroup;
			children = (
				EFD9BE3514FA3DB500397397 /* en */,
			);
			name = MainMenu.xib;
			sourceTree = "<group>";
		};
/* End PBXVariantGroup section */

/* Begin XCBuildConfiguration section */
		EFD9BE3714FA3DB500397397 /* Debug */ = {
			isa = XCBuildConfiguration;
			buildSettings = {
				ALWAYS_SEARCH_USER_PATHS = NO;
				ARCHS = "$(ARCHS_STANDARD_64_BIT)";
				CLANG_WARN_DEPRECATED_OBJC_IMPLEMENTATIONS = YES;
				COPY_PHASE_STRIP = NO;
				GCC_C_LANGUAGE_STANDARD = gnu99;
				GCC_DYNAMIC_NO_PIC = NO;
				GCC_ENABLE_OBJC_EXCEPTIONS = YES;
				GCC_GENERATE_TEST_COVERAGE_FILES = YES;
				GCC_INSTRUMENT_PROGRAM_FLOW_ARCS = YES;
				GCC_OPTIMIZATION_LEVEL = 0;
				GCC_PREPROCESSOR_DEFINITIONS = (
					"DEBUG=1",
					"$(inherited)",
				);
				GCC_SYMBOLS_PRIVATE_EXTERN = NO;
				GCC_VERSION = com.apple.compilers.llvm.clang.1_0;
				GCC_WARN_64_TO_32_BIT_CONVERSION = YES;
				GCC_WARN_ABOUT_RETURN_TYPE = YES;
				GCC_WARN_UNINITIALIZED_AUTOS = YES;
				GCC_WARN_UNUSED_VARIABLE = YES;
				LIBRARY_SEARCH_PATHS = "$(DEVELOPER_DIR)/Toolchains/XcodeDefault.xctoolchain/usr/lib";
				MACOSX_DEPLOYMENT_TARGET = 10.7;
				ONLY_ACTIVE_ARCH = YES;
				OTHER_LDFLAGS = (
					"-lprofile_rt",
					"-ObjC",
				);
				SDKROOT = macosx;
			};
			name = Debug;
		};
		EFD9BE3814FA3DB500397397 /* Release */ = {
			isa = XCBuildConfiguration;
			buildSettings = {
				ALWAYS_SEARCH_USER_PATHS = NO;
				ARCHS = "$(ARCHS_STANDARD_64_BIT)";
				CLANG_WARN_DEPRECATED_OBJC_IMPLEMENTATIONS = YES;
				COPY_PHASE_STRIP = YES;
				DEBUG_INFORMATION_FORMAT = "dwarf-with-dsym";
				GCC_C_LANGUAGE_STANDARD = gnu99;
				GCC_ENABLE_OBJC_EXCEPTIONS = YES;
				GCC_VERSION = com.apple.compilers.llvm.clang.1_0;
				GCC_WARN_64_TO_32_BIT_CONVERSION = YES;
				GCC_WARN_ABOUT_RETURN_TYPE = YES;
				GCC_WARN_UNINITIALIZED_AUTOS = YES;
				GCC_WARN_UNUSED_VARIABLE = YES;
				LIBRARY_SEARCH_PATHS = "$(DEVELOPER_DIR)/Toolchains/XcodeDefault.xctoolchain/usr/lib";
				MACOSX_DEPLOYMENT_TARGET = 10.7;
				SDKROOT = macosx;
			};
			name = Release;
		};
		EFD9BE3A14FA3DB500397397 /* Debug */ = {
			isa = XCBuildConfiguration;
			buildSettings = {
				CLANG_ENABLE_OBJC_ARC = YES;
				GCC_PRECOMPILE_PREFIX_HEADER = YES;
				GCC_PREFIX_HEADER = "OEThemeFactory/OEThemeFactory-Prefix.pch";
				INFOPLIST_FILE = "OEThemeFactory/OEThemeFactory-Info.plist";
				PRODUCT_NAME = "$(TARGET_NAME)";
				WRAPPER_EXTENSION = app;
			};
			name = Debug;
		};
		EFD9BE3B14FA3DB500397397 /* Release */ = {
			isa = XCBuildConfiguration;
			buildSettings = {
				CLANG_ENABLE_OBJC_ARC = YES;
				GCC_PRECOMPILE_PREFIX_HEADER = YES;
				GCC_PREFIX_HEADER = "OEThemeFactory/OEThemeFactory-Prefix.pch";
				INFOPLIST_FILE = "OEThemeFactory/OEThemeFactory-Info.plist";
				PRODUCT_NAME = "$(TARGET_NAME)";
				WRAPPER_EXTENSION = app;
			};
			name = Release;
		};
/* End XCBuildConfiguration section */

/* Begin XCConfigurationList section */
		EFD9BE1514FA3DB500397397 /* Build configuration list for PBXProject "OEThemeFactory" */ = {
			isa = XCConfigurationList;
			buildConfigurations = (
				EFD9BE3714FA3DB500397397 /* Debug */,
				EFD9BE3814FA3DB500397397 /* Release */,
			);
			defaultConfigurationIsVisible = 0;
			defaultConfigurationName = Release;
		};
		EFD9BE3914FA3DB500397397 /* Build configuration list for PBXNativeTarget "OEThemeFactory" */ = {
			isa = XCConfigurationList;
			buildConfigurations = (
				EFD9BE3A14FA3DB500397397 /* Debug */,
				EFD9BE3B14FA3DB500397397 /* Release */,
			);
			defaultConfigurationIsVisible = 0;
			defaultConfigurationName = Release;
		};
/* End XCConfigurationList section */
	};
	rootObject = EFD9BE1214FA3DB500397397 /* Project object */;
}
